// !$*UTF8*$!
{
	archiveVersion = 1;
	classes = {
	};
	objectVersion = 46;
	objects = {

/* Begin PBXBuildFile section */
		0AE2975F1C84FE96000F56F4 /* AppDelegate.swift in Sources */ = {isa = PBXBuildFile; fileRef = 0AE2975E1C84FE96000F56F4 /* AppDelegate.swift */; };
		0AE297611C84FE96000F56F4 /* ViewController.swift in Sources */ = {isa = PBXBuildFile; fileRef = 0AE297601C84FE96000F56F4 /* ViewController.swift */; };
		0AE297641C84FE96000F56F4 /* Main.storyboard in Resources */ = {isa = PBXBuildFile; fileRef = 0AE297621C84FE96000F56F4 /* Main.storyboard */; };
		0AE297661C84FE96000F56F4 /* Assets.xcassets in Resources */ = {isa = PBXBuildFile; fileRef = 0AE297651C84FE96000F56F4 /* Assets.xcassets */; };
		0AE297691C84FE96000F56F4 /* LaunchScreen.storyboard in Resources */ = {isa = PBXBuildFile; fileRef = 0AE297671C84FE96000F56F4 /* LaunchScreen.storyboard */; };
		0AE297721C850348000F56F4 /* girl-surf.jpg in Resources */ = {isa = PBXBuildFile; fileRef = 0AE297711C850348000F56F4 /* girl-surf.jpg */; };
		0AF5EB911C87AE7F001EC986 /* XCGLogger.framework in Frameworks */ = {isa = PBXBuildFile; fileRef = 0AF5EB901C87AE7F001EC986 /* XCGLogger.framework */; };
/* End PBXBuildFile section */

/* Begin PBXFileReference section */
		0047C0461995E0D68022692E /* Pods_weather_app.framework */ = {isa = PBXFileReference; explicitFileType = wrapper.framework; includeInIndex = 0; path = Pods_weather_app.framework; sourceTree = BUILT_PRODUCTS_DIR; };
		0AE2975B1C84FE96000F56F4 /* weather app.app */ = {isa = PBXFileReference; explicitFileType = wrapper.application; includeInIndex = 0; path = "weather app.app"; sourceTree = BUILT_PRODUCTS_DIR; };
		0AE2975E1C84FE96000F56F4 /* AppDelegate.swift */ = {isa = PBXFileReference; lastKnownFileType = sourcecode.swift; path = AppDelegate.swift; sourceTree = "<group>"; };
		0AE297601C84FE96000F56F4 /* ViewController.swift */ = {isa = PBXFileReference; lastKnownFileType = sourcecode.swift; path = ViewController.swift; sourceTree = "<group>"; };
		0AE297631C84FE96000F56F4 /* Base */ = {isa = PBXFileReference; lastKnownFileType = file.storyboard; name = Base; path = Base.lproj/Main.storyboard; sourceTree = "<group>"; };
		0AE297651C84FE96000F56F4 /* Assets.xcassets */ = {isa = PBXFileReference; lastKnownFileType = folder.assetcatalog; path = Assets.xcassets; sourceTree = "<group>"; };
		0AE297681C84FE96000F56F4 /* Base */ = {isa = PBXFileReference; lastKnownFileType = file.storyboard; name = Base; path = Base.lproj/LaunchScreen.storyboard; sourceTree = "<group>"; };
		0AE2976A1C84FE96000F56F4 /* Info.plist */ = {isa = PBXFileReference; lastKnownFileType = text.plist.xml; path = Info.plist; sourceTree = "<group>"; };
		0AE297711C850348000F56F4 /* girl-surf.jpg */ = {isa = PBXFileReference; lastKnownFileType = image.jpeg; path = "girl-surf.jpg"; sourceTree = "<group>"; };
		0AF5EB901C87AE7F001EC986 /* XCGLogger.framework */ = {isa = PBXFileReference; lastKnownFileType = wrapper.framework; name = XCGLogger.framework; path = "Pods/../build/Debug-iphoneos/XCGLogger.framework"; sourceTree = "<group>"; };
		745AB15F555DC6E6EFCFB42B /* Pods-weather app.release.xcconfig */ = {isa = PBXFileReference; includeInIndex = 1; lastKnownFileType = text.xcconfig; name = "Pods-weather app.release.xcconfig"; path = "Pods/Target Support Files/Pods-weather app/Pods-weather app.release.xcconfig"; sourceTree = "<group>"; };
		7513C0A35925793F11091851 /* Pods-weather app.debug.xcconfig */ = {isa = PBXFileReference; includeInIndex = 1; lastKnownFileType = text.xcconfig; name = "Pods-weather app.debug.xcconfig"; path = "Pods/Target Support Files/Pods-weather app/Pods-weather app.debug.xcconfig"; sourceTree = "<group>"; };
/* End PBXFileReference section */

/* Begin PBXFrameworksBuildPhase section */
		0AE297581C84FE96000F56F4 /* Frameworks */ = {
			isa = PBXFrameworksBuildPhase;
			buildActionMask = 2147483647;
			files = (
				0AF5EB911C87AE7F001EC986 /* XCGLogger.framework in Frameworks */,
			);
			runOnlyForDeploymentPostprocessing = 0;
		};
/* End PBXFrameworksBuildPhase section */

/* Begin PBXGroup section */
		0AE297521C84FE96000F56F4 = {
			isa = PBXGroup;
			children = (
				0AE2975D1C84FE96000F56F4 /* weather app */,
				0AE2975C1C84FE96000F56F4 /* Products */,
				FE3F0722A88EE4D8DE518826 /* Pods */,
				ECF2ACEB99B401883CBF8BF1 /* Frameworks */,
			);
			sourceTree = "<group>";
		};
		0AE2975C1C84FE96000F56F4 /* Products */ = {
			isa = PBXGroup;
			children = (
				0AE2975B1C84FE96000F56F4 /* weather app.app */,
			);
			name = Products;
			sourceTree = "<group>";
		};
		0AE2975D1C84FE96000F56F4 /* weather app */ = {
			isa = PBXGroup;
			children = (
				0AE297701C85033B000F56F4 /* images */,
				0AE2975E1C84FE96000F56F4 /* AppDelegate.swift */,
				0AE297601C84FE96000F56F4 /* ViewController.swift */,
				0AE297621C84FE96000F56F4 /* Main.storyboard */,
				0AE297651C84FE96000F56F4 /* Assets.xcassets */,
				0AE297671C84FE96000F56F4 /* LaunchScreen.storyboard */,
				0AE2976A1C84FE96000F56F4 /* Info.plist */,
			);
			path = "weather app";
			sourceTree = "<group>";
		};
		0AE297701C85033B000F56F4 /* images */ = {
			isa = PBXGroup;
			children = (
				0AE297711C850348000F56F4 /* girl-surf.jpg */,
			);
			name = images;
			sourceTree = "<group>";
		};
		ECF2ACEB99B401883CBF8BF1 /* Frameworks */ = {
			isa = PBXGroup;
			children = (
				0AF5EB901C87AE7F001EC986 /* XCGLogger.framework */,
				0047C0461995E0D68022692E /* Pods_weather_app.framework */,
			);
			name = Frameworks;
			sourceTree = "<group>";
		};
		FE3F0722A88EE4D8DE518826 /* Pods */ = {
			isa = PBXGroup;
			children = (
				7513C0A35925793F11091851 /* Pods-weather app.debug.xcconfig */,
				745AB15F555DC6E6EFCFB42B /* Pods-weather app.release.xcconfig */,
			);
			name = Pods;
			sourceTree = "<group>";
		};
/* End PBXGroup section */

/* Begin PBXNativeTarget section */
		0AE2975A1C84FE96000F56F4 /* weather app */ = {
			isa = PBXNativeTarget;
			buildConfigurationList = 0AE2976D1C84FE96000F56F4 /* Build configuration list for PBXNativeTarget "weather app" */;
			buildPhases = (
				4464C7C44E8D762314B85C1E /* Check Pods Manifest.lock */,
				0AE297571C84FE96000F56F4 /* Sources */,
				0AE297581C84FE96000F56F4 /* Frameworks */,
				0AE297591C84FE96000F56F4 /* Resources */,
				112AB89AE75EDE05B654555F /* Embed Pods Frameworks */,
				7C7D64FE019CF8FAA268E0E7 /* Copy Pods Resources */,
			);
			buildRules = (
			);
			dependencies = (
			);
			name = "weather app";
			productName = "weather app";
			productReference = 0AE2975B1C84FE96000F56F4 /* weather app.app */;
			productType = "com.apple.product-type.application";
		};
/* End PBXNativeTarget section */

/* Begin PBXProject section */
		0AE297531C84FE96000F56F4 /* Project object */ = {
			isa = PBXProject;
			attributes = {
				LastSwiftUpdateCheck = 0720;
				LastUpgradeCheck = 0720;
				ORGANIZATIONNAME = "Kevin Amiranoff";
				TargetAttributes = {
					0AE2975A1C84FE96000F56F4 = {
						CreatedOnToolsVersion = 7.2.1;
						DevelopmentTeam = 23C3Y8VELR;
					};
				};
			};
			buildConfigurationList = 0AE297561C84FE96000F56F4 /* Build configuration list for PBXProject "weather app" */;
			compatibilityVersion = "Xcode 3.2";
			developmentRegion = English;
			hasScannedForEncodings = 0;
			knownRegions = (
				en,
				Base,
			);
			mainGroup = 0AE297521C84FE96000F56F4;
			productRefGroup = 0AE2975C1C84FE96000F56F4 /* Products */;
			projectDirPath = "";
			projectRoot = "";
			targets = (
				0AE2975A1C84FE96000F56F4 /* weather app */,
			);
		};
/* End PBXProject section */

/* Begin PBXResourcesBuildPhase section */
		0AE297591C84FE96000F56F4 /* Resources */ = {
			isa = PBXResourcesBuildPhase;
			buildActionMask = 2147483647;
			files = (
				0AE297691C84FE96000F56F4 /* LaunchScreen.storyboard in Resources */,
				0AE297661C84FE96000F56F4 /* Assets.xcassets in Resources */,
				0AE297641C84FE96000F56F4 /* Main.storyboard in Resources */,
				0AE297721C850348000F56F4 /* girl-surf.jpg in Resources */,
			);
			runOnlyForDeploymentPostprocessing = 0;
		};
/* End PBXResourcesBuildPhase section */

/* Begin PBXShellScriptBuildPhase section */
		112AB89AE75EDE05B654555F /* Embed Pods Frameworks */ = {
			isa = PBXShellScriptBuildPhase;
			buildActionMask = 2147483647;
			files = (
			);
			inputPaths = (
				"",
			);
			name = "Embed Pods Frameworks";
			outputPaths = (
			);
			runOnlyForDeploymentPostprocessing = 0;
			shellPath = /bin/sh;
			shellScript = "\"${SRCROOT}/Pods/Target Support Files/Pods-weather app/Pods-weather app-frameworks.sh\"\n";
			showEnvVarsInLog = 0;
		};
		4464C7C44E8D762314B85C1E /* Check Pods Manifest.lock */ = {
			isa = PBXShellScriptBuildPhase;
			buildActionMask = 2147483647;
			files = (
			);
			inputPaths = (
			);
			name = "Check Pods Manifest.lock";
			outputPaths = (
			);
			runOnlyForDeploymentPostprocessing = 0;
			shellPath = /bin/sh;
			shellScript = "diff \"${PODS_ROOT}/../Podfile.lock\" \"${PODS_ROOT}/Manifest.lock\" > /dev/null\nif [[ $? != 0 ]] ; then\n    cat << EOM\nerror: The sandbox is not in sync with the Podfile.lock. Run 'pod install' or update your CocoaPods installation.\nEOM\n    exit 1\nfi\n";
			showEnvVarsInLog = 0;
		};
		7C7D64FE019CF8FAA268E0E7 /* Copy Pods Resources */ = {
			isa = PBXShellScriptBuildPhase;
			buildActionMask = 2147483647;
			files = (
			);
			inputPaths = (
			);
			name = "Copy Pods Resources";
			outputPaths = (
			);
			runOnlyForDeploymentPostprocessing = 0;
			shellPath = /bin/sh;
			shellScript = "\"${SRCROOT}/Pods/Target Support Files/Pods-weather app/Pods-weather app-resources.sh\"\n";
			showEnvVarsInLog = 0;
		};
/* End PBXShellScriptBuildPhase section */

/* Begin PBXSourcesBuildPhase section */
		0AE297571C84FE96000F56F4 /* Sources */ = {
			isa = PBXSourcesBuildPhase;
			buildActionMask = 2147483647;
			files = (
				0AE297611C84FE96000F56F4 /* ViewController.swift in Sources */,
				0AE2975F1C84FE96000F56F4 /* AppDelegate.swift in Sources */,
			);
			runOnlyForDeploymentPostprocessing = 0;
		};
/* End PBXSourcesBuildPhase section */

/* Begin PBXVariantGroup section */
		0AE297621C84FE96000F56F4 /* Main.storyboard */ = {
			isa = PBXVariantGroup;
			children = (
				0AE297631C84FE96000F56F4 /* Base */,
			);
			name = Main.storyboard;
			sourceTree = "<group>";
		};
		0AE297671C84FE96000F56F4 /* LaunchScreen.storyboard */ = {
			isa = PBXVariantGroup;
			children = (
				0AE297681C84FE96000F56F4 /* Base */,
			);
			name = LaunchScreen.storyboard;
			sourceTree = "<group>";
		};
/* End PBXVariantGroup section */

/* Begin XCBuildConfiguration section */
		0AE2976B1C84FE96000F56F4 /* Debug */ = {
			isa = XCBuildConfiguration;
			buildSettings = {
				ALWAYS_SEARCH_USER_PATHS = NO;
				CLANG_CXX_LANGUAGE_STANDARD = "gnu++0x";
				CLANG_CXX_LIBRARY = "libc++";
				CLANG_ENABLE_MODULES = YES;
				CLANG_ENABLE_OBJC_ARC = YES;
				CLANG_WARN_BOOL_CONVERSION = YES;
				CLANG_WARN_CONSTANT_CONVERSION = YES;
				CLANG_WARN_DIRECT_OBJC_ISA_USAGE = YES_ERROR;
				CLANG_WARN_EMPTY_BODY = YES;
				CLANG_WARN_ENUM_CONVERSION = YES;
				CLANG_WARN_INT_CONVERSION = YES;
				CLANG_WARN_OBJC_ROOT_CLASS = YES_ERROR;
				CLANG_WARN_UNREACHABLE_CODE = YES;
				CLANG_WARN__DUPLICATE_METHOD_MATCH = YES;
				"CODE_SIGN_IDENTITY[sdk=iphoneos*]" = "iPhone Developer";
				COPY_PHASE_STRIP = NO;
				DEBUG_INFORMATION_FORMAT = dwarf;
				ENABLE_STRICT_OBJC_MSGSEND = YES;
				ENABLE_TESTABILITY = YES;
				GCC_C_LANGUAGE_STANDARD = gnu99;
				GCC_DYNAMIC_NO_PIC = NO;
				GCC_NO_COMMON_BLOCKS = YES;
				GCC_OPTIMIZATION_LEVEL = 0;
				GCC_PREPROCESSOR_DEFINITIONS = (
					"DEBUG=1",
					"$(inherited)",
				);
				GCC_WARN_64_TO_32_BIT_CONVERSION = YES;
				GCC_WARN_ABOUT_RETURN_TYPE = YES_ERROR;
				GCC_WARN_UNDECLARED_SELECTOR = YES;
				GCC_WARN_UNINITIALIZED_AUTOS = YES_AGGRESSIVE;
				GCC_WARN_UNUSED_FUNCTION = YES;
				GCC_WARN_UNUSED_VARIABLE = YES;
				IPHONEOS_DEPLOYMENT_TARGET = 9.2;
				MTL_ENABLE_DEBUG_INFO = YES;
				ONLY_ACTIVE_ARCH = YES;
				SDKROOT = iphoneos;
				SWIFT_OPTIMIZATION_LEVEL = "-Onone";
			};
			name = Debug;
		};
		0AE2976C1C84FE96000F56F4 /* Release */ = {
			isa = XCBuildConfiguration;
			buildSettings = {
				ALWAYS_SEARCH_USER_PATHS = NO;
				CLANG_CXX_LANGUAGE_STANDARD = "gnu++0x";
				CLANG_CXX_LIBRARY = "libc++";
				CLANG_ENABLE_MODULES = YES;
				CLANG_ENABLE_OBJC_ARC = YES;
				CLANG_WARN_BOOL_CONVERSION = YES;
				CLANG_WARN_CONSTANT_CONVERSION = YES;
				CLANG_WARN_DIRECT_OBJC_ISA_USAGE = YES_ERROR;
				CLANG_WARN_EMPTY_BODY = YES;
				CLANG_WARN_ENUM_CONVERSION = YES;
				CLANG_WARN_INT_CONVERSION = YES;
				CLANG_WARN_OBJC_ROOT_CLASS = YES_ERROR;
				CLANG_WARN_UNREACHABLE_CODE = YES;
				CLANG_WARN__DUPLICATE_METHOD_MATCH = YES;
				"CODE_SIGN_IDENTITY[sdk=iphoneos*]" = "iPhone Developer";
				COPY_PHASE_STRIP = NO;
				DEBUG_INFORMATION_FORMAT = "dwarf-with-dsym";
				ENABLE_NS_ASSERTIONS = NO;
				ENABLE_STRICT_OBJC_MSGSEND = YES;
				GCC_C_LANGUAGE_STANDARD = gnu99;
				GCC_NO_COMMON_BLOCKS = YES;
				GCC_WARN_64_TO_32_BIT_CONVERSION = YES;
				GCC_WARN_ABOUT_RETURN_TYPE = YES_ERROR;
				GCC_WARN_UNDECLARED_SELECTOR = YES;
				GCC_WARN_UNINITIALIZED_AUTOS = YES_AGGRESSIVE;
				GCC_WARN_UNUSED_FUNCTION = YES;
				GCC_WARN_UNUSED_VARIABLE = YES;
				IPHONEOS_DEPLOYMENT_TARGET = 9.2;
				MTL_ENABLE_DEBUG_INFO = NO;
				SDKROOT = iphoneos;
				VALIDATE_PRODUCT = YES;
			};
			name = Release;
		};
		0AE2976E1C84FE96000F56F4 /* Debug */ = {
			isa = XCBuildConfiguration;
			baseConfigurationReference = 7513C0A35925793F11091851 /* Pods-weather app.debug.xcconfig */;
			buildSettings = {
				ASSETCATALOG_COMPILER_APPICON_NAME = AppIcon;
				FRAMEWORK_SEARCH_PATHS = (
					"$(inherited)",
					"$(PROJECT_DIR)/build/Debug-iphoneos",
				);
				INFOPLIST_FILE = "weather app/Info.plist";
				LD_RUNPATH_SEARCH_PATHS = "$(inherited) @executable_path/Frameworks";
				PRODUCT_BUNDLE_IDENTIFIER = "com.nemeacreation.weather-app";
				PRODUCT_NAME = "$(TARGET_NAME)";
			};
			name = Debug;
		};
		0AE2976F1C84FE96000F56F4 /* Release */ = {
			isa = XCBuildConfiguration;
			baseConfigurationReference = 745AB15F555DC6E6EFCFB42B /* Pods-weather app.release.xcconfig */;
			buildSettings = {
				ASSETCATALOG_COMPILER_APPICON_NAME = AppIcon;
				FRAMEWORK_SEARCH_PATHS = (
					"$(inherited)",
					"$(PROJECT_DIR)/build/Debug-iphoneos",
				);
				INFOPLIST_FILE = "weather app/Info.plist";
				LD_RUNPATH_SEARCH_PATHS = "$(inherited) @executable_path/Frameworks";
				PRODUCT_BUNDLE_IDENTIFIER = "com.nemeacreation.weather-app";
				PRODUCT_NAME = "$(TARGET_NAME)";
			};
			name = Release;
		};
/* End XCBuildConfiguration section */

/* Begin XCConfigurationList section */
		0AE297561C84FE96000F56F4 /* Build configuration list for PBXProject "weather app" */ = {
			isa = XCConfigurationList;
			buildConfigurations = (
				0AE2976B1C84FE96000F56F4 /* Debug */,
				0AE2976C1C84FE96000F56F4 /* Release */,
			);
			defaultConfigurationIsVisible = 0;
			defaultConfigurationName = Release;
		};
		0AE2976D1C84FE96000F56F4 /* Build configuration list for PBXNativeTarget "weather app" */ = {
			isa = XCConfigurationList;
			buildConfigurations = (
				0AE2976E1C84FE96000F56F4 /* Debug */,
				0AE2976F1C84FE96000F56F4 /* Release */,
			);
			defaultConfigurationIsVisible = 0;
			defaultConfigurationName = Release;
		};
/* End XCConfigurationList section */
	};
	rootObject = 0AE297531C84FE96000F56F4 /* Project object */;
}
